
Microsoft Visual Studio Solution File, Format Version 12.00
# Visual Studio Version 16
VisualStudioVersion = 16.0.31019.35
MinimumVisualStudioVersion = 10.0.40219.1
Project("{FAE04EC0-301F-11D3-BF4B-00C04F79EFBC}") = "buoi4", "buoi4.csproj", "{A2F8996C-7A25-408B-B4A8-2E0B3075EC81}"
EndProject
Global
	GlobalSection(SolutionConfigurationPlatforms) = preSolution
		Debug|Any CPU = Debug|Any CPU
		Release|Any CPU = Release|Any CPU
	EndGlobalSection
	GlobalSection(ProjectConfigurationPlatforms) = postSolution
		{A2F8996C-7A25-408B-B4A8-2E0B3075EC81}.Debug|Any CPU.ActiveCfg = Debug|Any CPU
		{A2F8996C-7A25-408B-B4A8-2E0B3075EC81}.Debug|Any CPU.Build.0 = Debug|Any CPU
		{A2F8996C-7A25-408B-B4A8-2E0B3075EC81}.Release|Any CPU.ActiveCfg = Release|Any CPU
		{A2F8996C-7A25-408B-B4A8-2E0B3075EC81}.Release|Any CPU.Build.0 = Release|Any CPU
	EndGlobalSection
	GlobalSection(SolutionProperties) = preSolution
		HideSolutionNode = FALSE
	EndGlobalSection
	GlobalSection(ExtensibilityGlobals) = postSolution
		SolutionGuid = {4E7D48AC-C61E-47E9-A363-DA6D6BD6B391}
	EndGlobalSection
EndGlobal
